
Microsoft Visual Studio Solution File, Format Version 12.00
# Visual Studio Version 16
VisualStudioVersion = 16.0.31313.79
MinimumVisualStudioVersion = 10.0.40219.1
Project("{FAE04EC0-301F-11D3-BF4B-00C04F79EFBC}") = "K-MI", "K-MI\K-MI.csproj", "{CCCCB02D-BB12-4239-9591-2C23E775AEC8}"
EndProject
Global
	GlobalSection(SolutionConfigurationPlatforms) = preSolution
		Debug|Any CPU = Debug|Any CPU
		Release|Any CPU = Release|Any CPU
	EndGlobalSection
	GlobalSection(ProjectConfigurationPlatforms) = postSolution
		{CCCCB02D-BB12-4239-9591-2C23E775AEC8}.Debug|Any CPU.ActiveCfg = Debug|Any CPU
		{CCCCB02D-BB12-4239-9591-2C23E775AEC8}.Debug|Any CPU.Build.0 = Debug|Any CPU
		{CCCCB02D-BB12-4239-9591-2C23E775AEC8}.Release|Any CPU.ActiveCfg = Release|Any CPU
		{CCCCB02D-BB12-4239-9591-2C23E775AEC8}.Release|Any CPU.Build.0 = Release|Any CPU
	EndGlobalSection
	GlobalSection(SolutionProperties) = preSolution
		HideSolutionNode = FALSE
	EndGlobalSection
	GlobalSection(ExtensibilityGlobals) = postSolution
		SolutionGuid = {2609D955-50D1-439D-A8DC-B43000C810A3}
	EndGlobalSection
EndGlobal
